
Microsoft Visual Studio Solution File, Format Version 12.00
# Visual Studio Version 16
VisualStudioVersion = 16.0.30621.155
MinimumVisualStudioVersion = 10.0.40219.1
Project("{FAE04EC0-301F-11D3-BF4B-00C04F79EFBC}") = "FromMySqlToMssSql", "FromMySqlToMssSql\FromMySqlToMssSql.csproj", "{FD13E91F-D8BB-4186-8B1A-496EBCF54E62}"
EndProject
Global
	GlobalSection(SolutionConfigurationPlatforms) = preSolution
		Debug|Any CPU = Debug|Any CPU
		Release|Any CPU = Release|Any CPU
	EndGlobalSection
	GlobalSection(ProjectConfigurationPlatforms) = postSolution
		{FD13E91F-D8BB-4186-8B1A-496EBCF54E62}.Debug|Any CPU.ActiveCfg = Debug|Any CPU
		{FD13E91F-D8BB-4186-8B1A-496EBCF54E62}.Debug|Any CPU.Build.0 = Debug|Any CPU
		{FD13E91F-D8BB-4186-8B1A-496EBCF54E62}.Release|Any CPU.ActiveCfg = Release|Any CPU
		{FD13E91F-D8BB-4186-8B1A-496EBCF54E62}.Release|Any CPU.Build.0 = Release|Any CPU
	EndGlobalSection
	GlobalSection(SolutionProperties) = preSolution
		HideSolutionNode = FALSE
	EndGlobalSection
	GlobalSection(ExtensibilityGlobals) = postSolution
		SolutionGuid = {EA1998EA-48B6-470A-9D0B-6FF979EF4A1E}
	EndGlobalSection
EndGlobal
